
Microsoft Visual Studio Solution File, Format Version 12.00
# Visual Studio 15
VisualStudioVersion = 15.0.27703.2042
MinimumVisualStudioVersion = 10.0.40219.1
Project("{FAE04EC0-301F-11D3-BF4B-00C04F79EFBC}") = "SKF.Enlight", "Enlight\SKF.Enlight.csproj", "{5CF4256B-F20C-413A-B6A7-B4DB9F895DAD}"
EndProject
Project("{2150E333-8FDC-42A3-9474-1A3956D46DE8}") = "SKF.Enlight.Examples", "Examples", "{E9EB90A1-FC9D-4046-A4E4-E702A42EC00F}"
EndProject
Project("{9A19103F-16F7-4668-BE54-9A1E7A4F7556}") = "SKF.Enlight.Examples.IoT", "Examples\IoT\SKF.Enlight.Examples.IoT.csproj", "{436C1955-91A1-460E-92C2-095EC4C70023}"
EndProject
Project("{FAE04EC0-301F-11D3-BF4B-00C04F79EFBC}") = "SKF.Enlight.Examples.MProxyHub", "Examples\MProxyHub\SKF.Enlight.Examples.MProxyHub.csproj", "{FF619EBA-2FF8-4983-8E2C-267540A43A25}"
EndProject
Global
	GlobalSection(SolutionConfigurationPlatforms) = preSolution
		Debug|Any CPU = Debug|Any CPU
		Release|Any CPU = Release|Any CPU
	EndGlobalSection
	GlobalSection(ProjectConfigurationPlatforms) = postSolution
		{5CF4256B-F20C-413A-B6A7-B4DB9F895DAD}.Debug|Any CPU.ActiveCfg = Debug|Any CPU
		{5CF4256B-F20C-413A-B6A7-B4DB9F895DAD}.Debug|Any CPU.Build.0 = Debug|Any CPU
		{5CF4256B-F20C-413A-B6A7-B4DB9F895DAD}.Release|Any CPU.ActiveCfg = Release|Any CPU
		{5CF4256B-F20C-413A-B6A7-B4DB9F895DAD}.Release|Any CPU.Build.0 = Release|Any CPU
		{436C1955-91A1-460E-92C2-095EC4C70023}.Debug|Any CPU.ActiveCfg = Debug|Any CPU
		{436C1955-91A1-460E-92C2-095EC4C70023}.Debug|Any CPU.Build.0 = Debug|Any CPU
		{436C1955-91A1-460E-92C2-095EC4C70023}.Release|Any CPU.ActiveCfg = Release|Any CPU
		{436C1955-91A1-460E-92C2-095EC4C70023}.Release|Any CPU.Build.0 = Release|Any CPU
		{FF619EBA-2FF8-4983-8E2C-267540A43A25}.Debug|Any CPU.ActiveCfg = Debug|Any CPU
		{FF619EBA-2FF8-4983-8E2C-267540A43A25}.Debug|Any CPU.Build.0 = Debug|Any CPU
		{FF619EBA-2FF8-4983-8E2C-267540A43A25}.Release|Any CPU.ActiveCfg = Release|Any CPU
		{FF619EBA-2FF8-4983-8E2C-267540A43A25}.Release|Any CPU.Build.0 = Release|Any CPU
	EndGlobalSection
	GlobalSection(SolutionProperties) = preSolution
		HideSolutionNode = FALSE
	EndGlobalSection
	GlobalSection(ExtensibilityGlobals) = postSolution
		SolutionGuid = {093E364F-2A05-4AB4-8707-676CA6634EB0}
	EndGlobalSection
	GlobalSection(NestedProjects) = preSolution
		{436C1955-91A1-460E-92C2-095EC4C70023} = {E9EB90A1-FC9D-4046-A4E4-E702A42EC00F}
		{FF619EBA-2FF8-4983-8E2C-267540A43A25} = {E9EB90A1-FC9D-4046-A4E4-E702A42EC00F}
	EndGlobalSection
EndGlobal
